
Microsoft Visual Studio Solution File, Format Version 12.00
# Visual Studio 2012
Project("{FAE04EC0-301F-11D3-BF4B-00C04F79EFBC}") = "Projektwoche", "Projektwoche\Projektwoche.csproj", "{C7559E56-E4C4-4FC5-AA94-8B26E785F74E}"
EndProject
Global
	GlobalSection(SolutionConfigurationPlatforms) = preSolution
		Debug|Any CPU = Debug|Any CPU
		Release|Any CPU = Release|Any CPU
	EndGlobalSection
	GlobalSection(ProjectConfigurationPlatforms) = postSolution
		{C7559E56-E4C4-4FC5-AA94-8B26E785F74E}.Debug|Any CPU.ActiveCfg = Debug|Any CPU
		{C7559E56-E4C4-4FC5-AA94-8B26E785F74E}.Debug|Any CPU.Build.0 = Debug|Any CPU
		{C7559E56-E4C4-4FC5-AA94-8B26E785F74E}.Release|Any CPU.ActiveCfg = Release|Any CPU
		{C7559E56-E4C4-4FC5-AA94-8B26E785F74E}.Release|Any CPU.Build.0 = Release|Any CPU
	EndGlobalSection
	GlobalSection(SolutionProperties) = preSolution
		HideSolutionNode = FALSE
	EndGlobalSection
EndGlobal
